
Microsoft Visual Studio Solution File, Format Version 12.00
# Visual Studio Version 17
VisualStudioVersion = 17.8.34330.188
MinimumVisualStudioVersion = 10.0.40219.1
Project("{FAE04EC0-301F-11D3-BF4B-00C04F79EFBC}") = "GoX2Tool", "GoX2Tool.csproj", "{B7B71221-B8F4-4BA3-A3C5-8EA07913AA6F}"
EndProject
Global
	GlobalSection(SolutionConfigurationPlatforms) = preSolution
		Debug|Any CPU = Debug|Any CPU
		Release|Any CPU = Release|Any CPU
	EndGlobalSection
	GlobalSection(ProjectConfigurationPlatforms) = postSolution
		{B7B71221-B8F4-4BA3-A3C5-8EA07913AA6F}.Debug|Any CPU.ActiveCfg = Debug|Any CPU
		{B7B71221-B8F4-4BA3-A3C5-8EA07913AA6F}.Debug|Any CPU.Build.0 = Debug|Any CPU
		{B7B71221-B8F4-4BA3-A3C5-8EA07913AA6F}.Release|Any CPU.ActiveCfg = Release|Any CPU
		{B7B71221-B8F4-4BA3-A3C5-8EA07913AA6F}.Release|Any CPU.Build.0 = Release|Any CPU
	EndGlobalSection
	GlobalSection(SolutionProperties) = preSolution
		HideSolutionNode = FALSE
	EndGlobalSection
	GlobalSection(ExtensibilityGlobals) = postSolution
		SolutionGuid = {72ACA33C-02C9-4B13-9860-E71367941C57}
	EndGlobalSection
EndGlobal
